
Microsoft Visual Studio Solution File, Format Version 12.00
Project("{FAE04EC0-301F-11D3-BF4B-00C04F79EFBC}") = "Test.Api", "Test.Api\Test.Api.csproj", "{359C2495-E4C9-49C5-B71B-790779175878}"
EndProject
Global
	GlobalSection(SolutionConfigurationPlatforms) = preSolution
		Debug|Any CPU = Debug|Any CPU
		Release|Any CPU = Release|Any CPU
	EndGlobalSection
	GlobalSection(ProjectConfigurationPlatforms) = postSolution
		{359C2495-E4C9-49C5-B71B-790779175878}.Debug|Any CPU.ActiveCfg = Debug|Any CPU
		{359C2495-E4C9-49C5-B71B-790779175878}.Debug|Any CPU.Build.0 = Debug|Any CPU
		{359C2495-E4C9-49C5-B71B-790779175878}.Release|Any CPU.ActiveCfg = Release|Any CPU
		{359C2495-E4C9-49C5-B71B-790779175878}.Release|Any CPU.Build.0 = Release|Any CPU
	EndGlobalSection
EndGlobal
